
Microsoft Visual Studio Solution File, Format Version 12.00
# Visual Studio Version 16
VisualStudioVersion = 16.0.30717.126
MinimumVisualStudioVersion = 10.0.40219.1
Project("{FAE04EC0-301F-11D3-BF4B-00C04F79EFBC}") = "MS.eContact.Web", "MS.eContact.Web\MS.eContact.Web.csproj", "{86EA4955-6FBE-4DFB-A796-3C255280CF64}"
EndProject
Project("{FAE04EC0-301F-11D3-BF4B-00C04F79EFBC}") = "MS.Infrastructure", "MS.Infrastructure\MS.Infrastructure.csproj", "{D25C2816-C39A-4A77-8312-418D47AA0CDF}"
EndProject
Project("{FAE04EC0-301F-11D3-BF4B-00C04F79EFBC}") = "MS.ApplicationCore", "MS.ApplicationCore\MS.ApplicationCore.csproj", "{C5DC625A-A4BB-49F4-827D-1E3C507AEBC9}"
EndProject
Project("{2150E333-8FDC-42A3-9474-1A3956D46DE8}") = "Solution Files", "Solution Files", "{F8D0B542-2D38-4540-B004-A52F54AED02D}"
	ProjectSection(SolutionItems) = preProject
		docker-compose.yml = docker-compose.yml
	EndProjectSection
EndProject
Global
	GlobalSection(SolutionConfigurationPlatforms) = preSolution
		Debug|Any CPU = Debug|Any CPU
		Release|Any CPU = Release|Any CPU
	EndGlobalSection
	GlobalSection(ProjectConfigurationPlatforms) = postSolution
		{86EA4955-6FBE-4DFB-A796-3C255280CF64}.Debug|Any CPU.ActiveCfg = Debug|Any CPU
		{86EA4955-6FBE-4DFB-A796-3C255280CF64}.Debug|Any CPU.Build.0 = Debug|Any CPU
		{86EA4955-6FBE-4DFB-A796-3C255280CF64}.Release|Any CPU.ActiveCfg = Release|Any CPU
		{86EA4955-6FBE-4DFB-A796-3C255280CF64}.Release|Any CPU.Build.0 = Release|Any CPU
		{D25C2816-C39A-4A77-8312-418D47AA0CDF}.Debug|Any CPU.ActiveCfg = Debug|Any CPU
		{D25C2816-C39A-4A77-8312-418D47AA0CDF}.Debug|Any CPU.Build.0 = Debug|Any CPU
		{D25C2816-C39A-4A77-8312-418D47AA0CDF}.Release|Any CPU.ActiveCfg = Release|Any CPU
		{D25C2816-C39A-4A77-8312-418D47AA0CDF}.Release|Any CPU.Build.0 = Release|Any CPU
		{C5DC625A-A4BB-49F4-827D-1E3C507AEBC9}.Debug|Any CPU.ActiveCfg = Debug|Any CPU
		{C5DC625A-A4BB-49F4-827D-1E3C507AEBC9}.Debug|Any CPU.Build.0 = Debug|Any CPU
		{C5DC625A-A4BB-49F4-827D-1E3C507AEBC9}.Release|Any CPU.ActiveCfg = Release|Any CPU
		{C5DC625A-A4BB-49F4-827D-1E3C507AEBC9}.Release|Any CPU.Build.0 = Release|Any CPU
	EndGlobalSection
	GlobalSection(SolutionProperties) = preSolution
		HideSolutionNode = FALSE
	EndGlobalSection
	GlobalSection(ExtensibilityGlobals) = postSolution
		SolutionGuid = {22805930-9546-4B58-A3E4-4B46F48C337A}
	EndGlobalSection
EndGlobal
